// !$*UTF8*$!
{
	archiveVersion = 1;
	classes = {
	};
	objectVersion = 50;
	objects = {

/* Begin PBXBuildFile section */
		A75280402124D72B0078336F /* Primitives+Arithmetical.swift in Sources */ = {isa = PBXBuildFile; fileRef = A752803F2124D72B0078336F /* Primitives+Arithmetical.swift */; };
		A75280422124D8E10078336F /* Primitives+TrackItem.swift in Sources */ = {isa = PBXBuildFile; fileRef = A75280412124D8E10078336F /* Primitives+TrackItem.swift */; };
		A75280452124D9800078336F /* Array+Arithmetical.swift in Sources */ = {isa = PBXBuildFile; fileRef = A75280442124D9800078336F /* Array+Arithmetical.swift */; };
		A75280472124D9D30078336F /* GroupBalanceTracker.swift in Sources */ = {isa = PBXBuildFile; fileRef = A75280462124D9D30078336F /* GroupBalanceTracker.swift */; };
		A799DA932129A6D600C34426 /* Dictionary+TrackItem.swift in Sources */ = {isa = PBXBuildFile; fileRef = A799DA922129A6D600C34426 /* Dictionary+TrackItem.swift */; };
		A799DA952129B3C300C34426 /* Array+TrackItem.swift in Sources */ = {isa = PBXBuildFile; fileRef = A799DA942129B3C300C34426 /* Array+TrackItem.swift */; };
		A799DA97212AC54400C34426 /* Calendar+DateInterval.swift in Sources */ = {isa = PBXBuildFile; fileRef = A799DA96212AC54400C34426 /* Calendar+DateInterval.swift */; };
		A799DA9D212B5C9300C34426 /* Measurement+Arithmetical.swift in Sources */ = {isa = PBXBuildFile; fileRef = A799DA9C212B5C9300C34426 /* Measurement+Arithmetical.swift */; };
		A799DA9F212B5C9D00C34426 /* Measurement+TrackItem.swift in Sources */ = {isa = PBXBuildFile; fileRef = A799DA9E212B5C9D00C34426 /* Measurement+TrackItem.swift */; };
		E207AD092118FC2900E72F01 /* BalanceTracker.swift in Sources */ = {isa = PBXBuildFile; fileRef = E207AD082118FC2900E72F01 /* BalanceTracker.swift */; };
		E207AD11211A2EDD00E72F01 /* GroupTracker.swift in Sources */ = {isa = PBXBuildFile; fileRef = E207AD10211A2EDD00E72F01 /* GroupTracker.swift */; };
		E207AD13211F273900E72F01 /* Dictionary+DateInterval.swift in Sources */ = {isa = PBXBuildFile; fileRef = E207AD12211F273900E72F01 /* Dictionary+DateInterval.swift */; };
		E211D028213761A9007A9572 /* DefaultBalanceTests.swift in Sources */ = {isa = PBXBuildFile; fileRef = E211D027213761A9007A9572 /* DefaultBalanceTests.swift */; };
		E211D02A2138B78D007A9572 /* MockTrackItem.swift in Sources */ = {isa = PBXBuildFile; fileRef = E211D0292138B78D007A9572 /* MockTrackItem.swift */; };
		E23ED98321165F9F00375059 /* Tracker.framework in Frameworks */ = {isa = PBXBuildFile; fileRef = E23ED97A21165F9E00375059 /* Tracker.framework */; };
		E23ED98821165F9F00375059 /* BalanceTrackerTests.swift in Sources */ = {isa = PBXBuildFile; fileRef = E23ED98721165F9F00375059 /* BalanceTrackerTests.swift */; };
		E23ED98A21165F9F00375059 /* Tracker.h in Headers */ = {isa = PBXBuildFile; fileRef = E23ED97C21165F9E00375059 /* Tracker.h */; settings = {ATTRIBUTES = (Public, ); }; };
		E23ED99421165FC700375059 /* TrackItem.swift in Sources */ = {isa = PBXBuildFile; fileRef = E23ED99121165FC600375059 /* TrackItem.swift */; };
		E23ED99521165FC700375059 /* Tracker.swift in Sources */ = {isa = PBXBuildFile; fileRef = E23ED99221165FC600375059 /* Tracker.swift */; };
		E23ED99621165FC700375059 /* Arithmetical.swift in Sources */ = {isa = PBXBuildFile; fileRef = E23ED99321165FC700375059 /* Arithmetical.swift */; };
		E25620B4213AEAE800F92CEA /* Balance.swift in Sources */ = {isa = PBXBuildFile; fileRef = E25620B3213AEAE800F92CEA /* Balance.swift */; };
		E25620B6213B060200F92CEA /* GroupTrackerTests.swift in Sources */ = {isa = PBXBuildFile; fileRef = E25620B5213B060200F92CEA /* GroupTrackerTests.swift */; };
		E25620B8213B1A2500F92CEA /* GroupBalanceTrackerTests.swift in Sources */ = {isa = PBXBuildFile; fileRef = E25620B7213B1A2500F92CEA /* GroupBalanceTrackerTests.swift */; };
		E25620BA213B402400F92CEA /* TrackItemTests.swift in Sources */ = {isa = PBXBuildFile; fileRef = E25620B9213B402400F92CEA /* TrackItemTests.swift */; };
		E26F858A2116599F00071F30 /* AppDelegate.swift in Sources */ = {isa = PBXBuildFile; fileRef = E26F85892116599F00071F30 /* AppDelegate.swift */; };
		E26F858C2116599F00071F30 /* ViewController.swift in Sources */ = {isa = PBXBuildFile; fileRef = E26F858B2116599F00071F30 /* ViewController.swift */; };
		E26F858F2116599F00071F30 /* Main.storyboard in Resources */ = {isa = PBXBuildFile; fileRef = E26F858D2116599F00071F30 /* Main.storyboard */; };
		E26F8591211659A200071F30 /* Assets.xcassets in Resources */ = {isa = PBXBuildFile; fileRef = E26F8590211659A200071F30 /* Assets.xcassets */; };
		E26F8594211659A200071F30 /* LaunchScreen.storyboard in Resources */ = {isa = PBXBuildFile; fileRef = E26F8592211659A200071F30 /* LaunchScreen.storyboard */; };
		E26F859F211659A200071F30 /* TimeTrackerTests.swift in Sources */ = {isa = PBXBuildFile; fileRef = E26F859E211659A200071F30 /* TimeTrackerTests.swift */; };
		E26F85AA211659A200071F30 /* TimeTrackerUITests.swift in Sources */ = {isa = PBXBuildFile; fileRef = E26F85A9211659A200071F30 /* TimeTrackerUITests.swift */; };
/* End PBXBuildFile section */

/* Begin PBXContainerItemProxy section */
		E23ED98421165F9F00375059 /* PBXContainerItemProxy */ = {
			isa = PBXContainerItemProxy;
			containerPortal = E26F857E2116599F00071F30 /* Project object */;
			proxyType = 1;
			remoteGlobalIDString = E23ED97921165F9E00375059;
			remoteInfo = Tracker;
		};
		E26F859B211659A200071F30 /* PBXContainerItemProxy */ = {
			isa = PBXContainerItemProxy;
			containerPortal = E26F857E2116599F00071F30 /* Project object */;
			proxyType = 1;
			remoteGlobalIDString = E26F85852116599F00071F30;
			remoteInfo = TimeTracker;
		};
		E26F85A6211659A200071F30 /* PBXContainerItemProxy */ = {
			isa = PBXContainerItemProxy;
			containerPortal = E26F857E2116599F00071F30 /* Project object */;
			proxyType = 1;
			remoteGlobalIDString = E26F85852116599F00071F30;
			remoteInfo = TimeTracker;
		};
/* End PBXContainerItemProxy section */

/* Begin PBXCopyFilesBuildPhase section */
		E26F85D821165A7A00071F30 /* Embed Frameworks */ = {
			isa = PBXCopyFilesBuildPhase;
			buildActionMask = 2147483647;
			dstPath = "";
			dstSubfolderSpec = 10;
			files = (
			);
			name = "Embed Frameworks";
			runOnlyForDeploymentPostprocessing = 0;
		};
/* End PBXCopyFilesBuildPhase section */

/* Begin PBXFileReference section */
		A752803F2124D72B0078336F /* Primitives+Arithmetical.swift */ = {isa = PBXFileReference; lastKnownFileType = sourcecode.swift; path = "Primitives+Arithmetical.swift"; sourceTree = "<group>"; };
		A75280412124D8E10078336F /* Primitives+TrackItem.swift */ = {isa = PBXFileReference; lastKnownFileType = sourcecode.swift; path = "Primitives+TrackItem.swift"; sourceTree = "<group>"; };
		A75280442124D9800078336F /* Array+Arithmetical.swift */ = {isa = PBXFileReference; lastKnownFileType = sourcecode.swift; path = "Array+Arithmetical.swift"; sourceTree = "<group>"; };
		A75280462124D9D30078336F /* GroupBalanceTracker.swift */ = {isa = PBXFileReference; lastKnownFileType = sourcecode.swift; path = GroupBalanceTracker.swift; sourceTree = "<group>"; };
		A799DA922129A6D600C34426 /* Dictionary+TrackItem.swift */ = {isa = PBXFileReference; lastKnownFileType = sourcecode.swift; path = "Dictionary+TrackItem.swift"; sourceTree = "<group>"; };
		A799DA942129B3C300C34426 /* Array+TrackItem.swift */ = {isa = PBXFileReference; lastKnownFileType = sourcecode.swift; path = "Array+TrackItem.swift"; sourceTree = "<group>"; };
		A799DA96212AC54400C34426 /* Calendar+DateInterval.swift */ = {isa = PBXFileReference; lastKnownFileType = sourcecode.swift; path = "Calendar+DateInterval.swift"; sourceTree = "<group>"; };
		A799DA9C212B5C9300C34426 /* Measurement+Arithmetical.swift */ = {isa = PBXFileReference; lastKnownFileType = sourcecode.swift; path = "Measurement+Arithmetical.swift"; sourceTree = "<group>"; };
		A799DA9E212B5C9D00C34426 /* Measurement+TrackItem.swift */ = {isa = PBXFileReference; lastKnownFileType = sourcecode.swift; path = "Measurement+TrackItem.swift"; sourceTree = "<group>"; };
		E207AD082118FC2900E72F01 /* BalanceTracker.swift */ = {isa = PBXFileReference; lastKnownFileType = sourcecode.swift; path = BalanceTracker.swift; sourceTree = "<group>"; };
		E207AD10211A2EDD00E72F01 /* GroupTracker.swift */ = {isa = PBXFileReference; lastKnownFileType = sourcecode.swift; path = GroupTracker.swift; sourceTree = "<group>"; };
		E207AD12211F273900E72F01 /* Dictionary+DateInterval.swift */ = {isa = PBXFileReference; lastKnownFileType = sourcecode.swift; path = "Dictionary+DateInterval.swift"; sourceTree = "<group>"; };
		E211D027213761A9007A9572 /* DefaultBalanceTests.swift */ = {isa = PBXFileReference; lastKnownFileType = sourcecode.swift; path = DefaultBalanceTests.swift; sourceTree = "<group>"; };
		E211D0292138B78D007A9572 /* MockTrackItem.swift */ = {isa = PBXFileReference; lastKnownFileType = sourcecode.swift; path = MockTrackItem.swift; sourceTree = "<group>"; };
		E23ED97A21165F9E00375059 /* Tracker.framework */ = {isa = PBXFileReference; explicitFileType = wrapper.framework; includeInIndex = 0; path = Tracker.framework; sourceTree = BUILT_PRODUCTS_DIR; };
		E23ED97C21165F9E00375059 /* Tracker.h */ = {isa = PBXFileReference; lastKnownFileType = sourcecode.c.h; path = Tracker.h; sourceTree = "<group>"; };
		E23ED97D21165F9E00375059 /* Info.plist */ = {isa = PBXFileReference; lastKnownFileType = text.plist.xml; path = Info.plist; sourceTree = "<group>"; };
		E23ED98221165F9F00375059 /* TrackerTests.xctest */ = {isa = PBXFileReference; explicitFileType = wrapper.cfbundle; includeInIndex = 0; path = TrackerTests.xctest; sourceTree = BUILT_PRODUCTS_DIR; };
		E23ED98721165F9F00375059 /* BalanceTrackerTests.swift */ = {isa = PBXFileReference; lastKnownFileType = sourcecode.swift; path = BalanceTrackerTests.swift; sourceTree = "<group>"; };
		E23ED98921165F9F00375059 /* Info.plist */ = {isa = PBXFileReference; lastKnownFileType = text.plist.xml; path = Info.plist; sourceTree = "<group>"; };
		E23ED99121165FC600375059 /* TrackItem.swift */ = {isa = PBXFileReference; fileEncoding = 4; lastKnownFileType = sourcecode.swift; path = TrackItem.swift; sourceTree = "<group>"; };
		E23ED99221165FC600375059 /* Tracker.swift */ = {isa = PBXFileReference; fileEncoding = 4; lastKnownFileType = sourcecode.swift; path = Tracker.swift; sourceTree = "<group>"; };
		E23ED99321165FC700375059 /* Arithmetical.swift */ = {isa = PBXFileReference; fileEncoding = 4; lastKnownFileType = sourcecode.swift; path = Arithmetical.swift; sourceTree = "<group>"; };
		E25620B3213AEAE800F92CEA /* Balance.swift */ = {isa = PBXFileReference; lastKnownFileType = sourcecode.swift; path = Balance.swift; sourceTree = "<group>"; };
		E25620B5213B060200F92CEA /* GroupTrackerTests.swift */ = {isa = PBXFileReference; lastKnownFileType = sourcecode.swift; path = GroupTrackerTests.swift; sourceTree = "<group>"; };
		E25620B7213B1A2500F92CEA /* GroupBalanceTrackerTests.swift */ = {isa = PBXFileReference; lastKnownFileType = sourcecode.swift; path = GroupBalanceTrackerTests.swift; sourceTree = "<group>"; };
		E25620B9213B402400F92CEA /* TrackItemTests.swift */ = {isa = PBXFileReference; lastKnownFileType = sourcecode.swift; path = TrackItemTests.swift; sourceTree = "<group>"; };
		E26F85862116599F00071F30 /* TimeTracker.app */ = {isa = PBXFileReference; explicitFileType = wrapper.application; includeInIndex = 0; path = TimeTracker.app; sourceTree = BUILT_PRODUCTS_DIR; };
		E26F85892116599F00071F30 /* AppDelegate.swift */ = {isa = PBXFileReference; lastKnownFileType = sourcecode.swift; path = AppDelegate.swift; sourceTree = "<group>"; };
		E26F858B2116599F00071F30 /* ViewController.swift */ = {isa = PBXFileReference; lastKnownFileType = sourcecode.swift; path = ViewController.swift; sourceTree = "<group>"; };
		E26F858E2116599F00071F30 /* Base */ = {isa = PBXFileReference; lastKnownFileType = file.storyboard; name = Base; path = Base.lproj/Main.storyboard; sourceTree = "<group>"; };
		E26F8590211659A200071F30 /* Assets.xcassets */ = {isa = PBXFileReference; lastKnownFileType = folder.assetcatalog; path = Assets.xcassets; sourceTree = "<group>"; };
		E26F8593211659A200071F30 /* Base */ = {isa = PBXFileReference; lastKnownFileType = file.storyboard; name = Base; path = Base.lproj/LaunchScreen.storyboard; sourceTree = "<group>"; };
		E26F8595211659A200071F30 /* Info.plist */ = {isa = PBXFileReference; lastKnownFileType = text.plist.xml; path = Info.plist; sourceTree = "<group>"; };
		E26F859A211659A200071F30 /* TimeTrackerTests.xctest */ = {isa = PBXFileReference; explicitFileType = wrapper.cfbundle; includeInIndex = 0; path = TimeTrackerTests.xctest; sourceTree = BUILT_PRODUCTS_DIR; };
		E26F859E211659A200071F30 /* TimeTrackerTests.swift */ = {isa = PBXFileReference; lastKnownFileType = sourcecode.swift; path = TimeTrackerTests.swift; sourceTree = "<group>"; };
		E26F85A0211659A200071F30 /* Info.plist */ = {isa = PBXFileReference; lastKnownFileType = text.plist.xml; path = Info.plist; sourceTree = "<group>"; };
		E26F85A5211659A200071F30 /* TimeTrackerUITests.xctest */ = {isa = PBXFileReference; explicitFileType = wrapper.cfbundle; includeInIndex = 0; path = TimeTrackerUITests.xctest; sourceTree = BUILT_PRODUCTS_DIR; };
		E26F85A9211659A200071F30 /* TimeTrackerUITests.swift */ = {isa = PBXFileReference; lastKnownFileType = sourcecode.swift; path = TimeTrackerUITests.swift; sourceTree = "<group>"; };
		E26F85AB211659A200071F30 /* Info.plist */ = {isa = PBXFileReference; lastKnownFileType = text.plist.xml; path = Info.plist; sourceTree = "<group>"; };
		E2F02E3421165E24005DBDC0 /* TrackerSample.playground */ = {isa = PBXFileReference; lastKnownFileType = file.playground; path = TrackerSample.playground; sourceTree = "<group>"; xcLanguageSpecificationIdentifier = xcode.lang.swift; };
/* End PBXFileReference section */

/* Begin PBXFrameworksBuildPhase section */
		E23ED97621165F9E00375059 /* Frameworks */ = {
			isa = PBXFrameworksBuildPhase;
			buildActionMask = 2147483647;
			files = (
			);
			runOnlyForDeploymentPostprocessing = 0;
		};
		E23ED97F21165F9F00375059 /* Frameworks */ = {
			isa = PBXFrameworksBuildPhase;
			buildActionMask = 2147483647;
			files = (
				E23ED98321165F9F00375059 /* Tracker.framework in Frameworks */,
			);
			runOnlyForDeploymentPostprocessing = 0;
		};
		E26F85832116599F00071F30 /* Frameworks */ = {
			isa = PBXFrameworksBuildPhase;
			buildActionMask = 2147483647;
			files = (
			);
			runOnlyForDeploymentPostprocessing = 0;
		};
		E26F8597211659A200071F30 /* Frameworks */ = {
			isa = PBXFrameworksBuildPhase;
			buildActionMask = 2147483647;
			files = (
			);
			runOnlyForDeploymentPostprocessing = 0;
		};
		E26F85A2211659A200071F30 /* Frameworks */ = {
			isa = PBXFrameworksBuildPhase;
			buildActionMask = 2147483647;
			files = (
			);
			runOnlyForDeploymentPostprocessing = 0;
		};
/* End PBXFrameworksBuildPhase section */

/* Begin PBXGroup section */
		A75280432124D9110078336F /* Extensions */ = {
			isa = PBXGroup;
			children = (
				A799DA99212B5BFB00C34426 /* Array */,
				A799DAA0212B5D0700C34426 /* Calendar */,
				A799DA9A212B5C0800C34426 /* Dictionary */,
				A799DA9B212B5C8300C34426 /* Measurement */,
				A799DA98212B5B5F00C34426 /* Primitives */,
			);
			path = Extensions;
			sourceTree = "<group>";
		};
		A799DA98212B5B5F00C34426 /* Primitives */ = {
			isa = PBXGroup;
			children = (
				A752803F2124D72B0078336F /* Primitives+Arithmetical.swift */,
				A75280412124D8E10078336F /* Primitives+TrackItem.swift */,
			);
			path = Primitives;
			sourceTree = "<group>";
		};
		A799DA99212B5BFB00C34426 /* Array */ = {
			isa = PBXGroup;
			children = (
				A75280442124D9800078336F /* Array+Arithmetical.swift */,
				A799DA942129B3C300C34426 /* Array+TrackItem.swift */,
			);
			path = Array;
			sourceTree = "<group>";
		};
		A799DA9A212B5C0800C34426 /* Dictionary */ = {
			isa = PBXGroup;
			children = (
				E207AD12211F273900E72F01 /* Dictionary+DateInterval.swift */,
				A799DA922129A6D600C34426 /* Dictionary+TrackItem.swift */,
			);
			path = Dictionary;
			sourceTree = "<group>";
		};
		A799DA9B212B5C8300C34426 /* Measurement */ = {
			isa = PBXGroup;
			children = (
				A799DA9C212B5C9300C34426 /* Measurement+Arithmetical.swift */,
				A799DA9E212B5C9D00C34426 /* Measurement+TrackItem.swift */,
			);
			path = Measurement;
			sourceTree = "<group>";
		};
		A799DAA0212B5D0700C34426 /* Calendar */ = {
			isa = PBXGroup;
			children = (
				A799DA96212AC54400C34426 /* Calendar+DateInterval.swift */,
			);
			path = Calendar;
			sourceTree = "<group>";
		};
		E211D02B2138B79A007A9572 /* Mocks */ = {
			isa = PBXGroup;
			children = (
				E211D0292138B78D007A9572 /* MockTrackItem.swift */,
			);
			path = Mocks;
			sourceTree = "<group>";
		};
		E23ED97B21165F9E00375059 /* Tracker */ = {
			isa = PBXGroup;
			children = (
				E23ED97C21165F9E00375059 /* Tracker.h */,
				E23ED97D21165F9E00375059 /* Info.plist */,
				E23ED99321165FC700375059 /* Arithmetical.swift */,
				E23ED99121165FC600375059 /* TrackItem.swift */,
				E23ED99221165FC600375059 /* Tracker.swift */,
				E25620B3213AEAE800F92CEA /* Balance.swift */,
				E207AD082118FC2900E72F01 /* BalanceTracker.swift */,
				E207AD10211A2EDD00E72F01 /* GroupTracker.swift */,
				A75280462124D9D30078336F /* GroupBalanceTracker.swift */,
				A75280432124D9110078336F /* Extensions */,
			);
			path = Tracker;
			sourceTree = "<group>";
		};
		E23ED98621165F9F00375059 /* TrackerTests */ = {
			isa = PBXGroup;
			children = (
				E23ED98921165F9F00375059 /* Info.plist */,
				E211D027213761A9007A9572 /* DefaultBalanceTests.swift */,
				E23ED98721165F9F00375059 /* BalanceTrackerTests.swift */,
				E25620B5213B060200F92CEA /* GroupTrackerTests.swift */,
				E25620B7213B1A2500F92CEA /* GroupBalanceTrackerTests.swift */,
				E25620B9213B402400F92CEA /* TrackItemTests.swift */,
				E211D02B2138B79A007A9572 /* Mocks */,
			);
			path = TrackerTests;
			sourceTree = "<group>";
		};
		E26F857D2116599F00071F30 = {
			isa = PBXGroup;
			children = (
				E26F85E121165B2C00071F30 /* Samples */,
				E23ED97B21165F9E00375059 /* Tracker */,
				E23ED98621165F9F00375059 /* TrackerTests */,
				E26F85882116599F00071F30 /* TimeTracker */,
				E26F859D211659A200071F30 /* TimeTrackerTests */,
				E26F85A8211659A200071F30 /* TimeTrackerUITests */,
				E26F85872116599F00071F30 /* Products */,
			);
			sourceTree = "<group>";
		};
		E26F85872116599F00071F30 /* Products */ = {
			isa = PBXGroup;
			children = (
				E26F85862116599F00071F30 /* TimeTracker.app */,
				E26F859A211659A200071F30 /* TimeTrackerTests.xctest */,
				E26F85A5211659A200071F30 /* TimeTrackerUITests.xctest */,
				E23ED97A21165F9E00375059 /* Tracker.framework */,
				E23ED98221165F9F00375059 /* TrackerTests.xctest */,
			);
			name = Products;
			sourceTree = "<group>";
		};
		E26F85882116599F00071F30 /* TimeTracker */ = {
			isa = PBXGroup;
			children = (
				E26F85892116599F00071F30 /* AppDelegate.swift */,
				E26F858B2116599F00071F30 /* ViewController.swift */,
				E26F858D2116599F00071F30 /* Main.storyboard */,
				E26F8590211659A200071F30 /* Assets.xcassets */,
				E26F8592211659A200071F30 /* LaunchScreen.storyboard */,
				E26F8595211659A200071F30 /* Info.plist */,
			);
			path = TimeTracker;
			sourceTree = "<group>";
		};
		E26F859D211659A200071F30 /* TimeTrackerTests */ = {
			isa = PBXGroup;
			children = (
				E26F859E211659A200071F30 /* TimeTrackerTests.swift */,
				E26F85A0211659A200071F30 /* Info.plist */,
			);
			path = TimeTrackerTests;
			sourceTree = "<group>";
		};
		E26F85A8211659A200071F30 /* TimeTrackerUITests */ = {
			isa = PBXGroup;
			children = (
				E26F85A9211659A200071F30 /* TimeTrackerUITests.swift */,
				E26F85AB211659A200071F30 /* Info.plist */,
			);
			path = TimeTrackerUITests;
			sourceTree = "<group>";
		};
		E26F85E121165B2C00071F30 /* Samples */ = {
			isa = PBXGroup;
			children = (
				E2F02E3421165E24005DBDC0 /* TrackerSample.playground */,
			);
			path = Samples;
			sourceTree = "<group>";
		};
/* End PBXGroup section */

/* Begin PBXHeadersBuildPhase section */
		E23ED97721165F9E00375059 /* Headers */ = {
			isa = PBXHeadersBuildPhase;
			buildActionMask = 2147483647;
			files = (
				E23ED98A21165F9F00375059 /* Tracker.h in Headers */,
			);
			runOnlyForDeploymentPostprocessing = 0;
		};
/* End PBXHeadersBuildPhase section */

/* Begin PBXNativeTarget section */
		E23ED97921165F9E00375059 /* Tracker */ = {
			isa = PBXNativeTarget;
			buildConfigurationList = E23ED98F21165F9F00375059 /* Build configuration list for PBXNativeTarget "Tracker" */;
			buildPhases = (
				E23ED97521165F9E00375059 /* Sources */,
				E23ED97621165F9E00375059 /* Frameworks */,
				E23ED97721165F9E00375059 /* Headers */,
				E23ED97821165F9E00375059 /* Resources */,
			);
			buildRules = (
			);
			dependencies = (
			);
			name = Tracker;
			productName = Tracker;
			productReference = E23ED97A21165F9E00375059 /* Tracker.framework */;
			productType = "com.apple.product-type.framework";
		};
		E23ED98121165F9F00375059 /* TrackerTests */ = {
			isa = PBXNativeTarget;
			buildConfigurationList = E23ED99021165F9F00375059 /* Build configuration list for PBXNativeTarget "TrackerTests" */;
			buildPhases = (
				E23ED97E21165F9F00375059 /* Sources */,
				E23ED97F21165F9F00375059 /* Frameworks */,
				E23ED98021165F9F00375059 /* Resources */,
			);
			buildRules = (
			);
			dependencies = (
				E23ED98521165F9F00375059 /* PBXTargetDependency */,
			);
			name = TrackerTests;
			productName = TrackerTests;
			productReference = E23ED98221165F9F00375059 /* TrackerTests.xctest */;
			productType = "com.apple.product-type.bundle.unit-test";
		};
		E26F85852116599F00071F30 /* TimeTracker */ = {
			isa = PBXNativeTarget;
			buildConfigurationList = E26F85AE211659A200071F30 /* Build configuration list for PBXNativeTarget "TimeTracker" */;
			buildPhases = (
				E26F85822116599F00071F30 /* Sources */,
				E26F85832116599F00071F30 /* Frameworks */,
				E26F85842116599F00071F30 /* Resources */,
				E26F85D821165A7A00071F30 /* Embed Frameworks */,
			);
			buildRules = (
			);
			dependencies = (
			);
			name = TimeTracker;
			productName = TimeTracker;
			productReference = E26F85862116599F00071F30 /* TimeTracker.app */;
			productType = "com.apple.product-type.application";
		};
		E26F8599211659A200071F30 /* TimeTrackerTests */ = {
			isa = PBXNativeTarget;
			buildConfigurationList = E26F85B1211659A200071F30 /* Build configuration list for PBXNativeTarget "TimeTrackerTests" */;
			buildPhases = (
				E26F8596211659A200071F30 /* Sources */,
				E26F8597211659A200071F30 /* Frameworks */,
				E26F8598211659A200071F30 /* Resources */,
			);
			buildRules = (
			);
			dependencies = (
				E26F859C211659A200071F30 /* PBXTargetDependency */,
			);
			name = TimeTrackerTests;
			productName = TimeTrackerTests;
			productReference = E26F859A211659A200071F30 /* TimeTrackerTests.xctest */;
			productType = "com.apple.product-type.bundle.unit-test";
		};
		E26F85A4211659A200071F30 /* TimeTrackerUITests */ = {
			isa = PBXNativeTarget;
			buildConfigurationList = E26F85B4211659A200071F30 /* Build configuration list for PBXNativeTarget "TimeTrackerUITests" */;
			buildPhases = (
				E26F85A1211659A200071F30 /* Sources */,
				E26F85A2211659A200071F30 /* Frameworks */,
				E26F85A3211659A200071F30 /* Resources */,
			);
			buildRules = (
			);
			dependencies = (
				E26F85A7211659A200071F30 /* PBXTargetDependency */,
			);
			name = TimeTrackerUITests;
			productName = TimeTrackerUITests;
			productReference = E26F85A5211659A200071F30 /* TimeTrackerUITests.xctest */;
			productType = "com.apple.product-type.bundle.ui-testing";
		};
/* End PBXNativeTarget section */

/* Begin PBXProject section */
		E26F857E2116599F00071F30 /* Project object */ = {
			isa = PBXProject;
			attributes = {
				LastSwiftUpdateCheck = 0930;
				LastUpgradeCheck = 0930;
				ORGANIZATIONNAME = danieltmbr;
				TargetAttributes = {
					E23ED97921165F9E00375059 = {
						CreatedOnToolsVersion = 9.3.1;
						LastSwiftMigration = 0930;
					};
					E23ED98121165F9F00375059 = {
						CreatedOnToolsVersion = 9.3.1;
					};
					E26F85852116599F00071F30 = {
						CreatedOnToolsVersion = 9.3.1;
					};
					E26F8599211659A200071F30 = {
						CreatedOnToolsVersion = 9.3.1;
						TestTargetID = E26F85852116599F00071F30;
					};
					E26F85A4211659A200071F30 = {
						CreatedOnToolsVersion = 9.3.1;
						TestTargetID = E26F85852116599F00071F30;
					};
				};
			};
			buildConfigurationList = E26F85812116599F00071F30 /* Build configuration list for PBXProject "TimeTracker" */;
			compatibilityVersion = "Xcode 9.3";
			developmentRegion = en;
			hasScannedForEncodings = 0;
			knownRegions = (
				en,
				Base,
			);
			mainGroup = E26F857D2116599F00071F30;
			productRefGroup = E26F85872116599F00071F30 /* Products */;
			projectDirPath = "";
			projectRoot = "";
			targets = (
				E26F85852116599F00071F30 /* TimeTracker */,
				E26F8599211659A200071F30 /* TimeTrackerTests */,
				E26F85A4211659A200071F30 /* TimeTrackerUITests */,
				E23ED97921165F9E00375059 /* Tracker */,
				E23ED98121165F9F00375059 /* TrackerTests */,
			);
		};
/* End PBXProject section */

/* Begin PBXResourcesBuildPhase section */
		E23ED97821165F9E00375059 /* Resources */ = {
			isa = PBXResourcesBuildPhase;
			buildActionMask = 2147483647;
			files = (
			);
			runOnlyForDeploymentPostprocessing = 0;
		};
		E23ED98021165F9F00375059 /* Resources */ = {
			isa = PBXResourcesBuildPhase;
			buildActionMask = 2147483647;
			files = (
			);
			runOnlyForDeploymentPostprocessing = 0;
		};
		E26F85842116599F00071F30 /* Resources */ = {
			isa = PBXResourcesBuildPhase;
			buildActionMask = 2147483647;
			files = (
				E26F8594211659A200071F30 /* LaunchScreen.storyboard in Resources */,
				E26F8591211659A200071F30 /* Assets.xcassets in Resources */,
				E26F858F2116599F00071F30 /* Main.storyboard in Resources */,
			);
			runOnlyForDeploymentPostprocessing = 0;
		};
		E26F8598211659A200071F30 /* Resources */ = {
			isa = PBXResourcesBuildPhase;
			buildActionMask = 2147483647;
			files = (
			);
			runOnlyForDeploymentPostprocessing = 0;
		};
		E26F85A3211659A200071F30 /* Resources */ = {
			isa = PBXResourcesBuildPhase;
			buildActionMask = 2147483647;
			files = (
			);
			runOnlyForDeploymentPostprocessing = 0;
		};
/* End PBXResourcesBuildPhase section */

/* Begin PBXSourcesBuildPhase section */
		E23ED97521165F9E00375059 /* Sources */ = {
			isa = PBXSourcesBuildPhase;
			buildActionMask = 2147483647;
			files = (
				E23ED99621165FC700375059 /* Arithmetical.swift in Sources */,
				E207AD11211A2EDD00E72F01 /* GroupTracker.swift in Sources */,
				E207AD092118FC2900E72F01 /* BalanceTracker.swift in Sources */,
				A799DA9D212B5C9300C34426 /* Measurement+Arithmetical.swift in Sources */,
				A75280472124D9D30078336F /* GroupBalanceTracker.swift in Sources */,
				A75280422124D8E10078336F /* Primitives+TrackItem.swift in Sources */,
				A75280402124D72B0078336F /* Primitives+Arithmetical.swift in Sources */,
				A799DA9F212B5C9D00C34426 /* Measurement+TrackItem.swift in Sources */,
				E207AD13211F273900E72F01 /* Dictionary+DateInterval.swift in Sources */,
				E23ED99521165FC700375059 /* Tracker.swift in Sources */,
				A799DA97212AC54400C34426 /* Calendar+DateInterval.swift in Sources */,
				A799DA932129A6D600C34426 /* Dictionary+TrackItem.swift in Sources */,
				E23ED99421165FC700375059 /* TrackItem.swift in Sources */,
				A799DA952129B3C300C34426 /* Array+TrackItem.swift in Sources */,
				E25620B4213AEAE800F92CEA /* Balance.swift in Sources */,
				A75280452124D9800078336F /* Array+Arithmetical.swift in Sources */,
			);
			runOnlyForDeploymentPostprocessing = 0;
		};
		E23ED97E21165F9F00375059 /* Sources */ = {
			isa = PBXSourcesBuildPhase;
			buildActionMask = 2147483647;
			files = (
				E211D02A2138B78D007A9572 /* MockTrackItem.swift in Sources */,
				E211D028213761A9007A9572 /* DefaultBalanceTests.swift in Sources */,
				E25620BA213B402400F92CEA /* TrackItemTests.swift in Sources */,
				E25620B6213B060200F92CEA /* GroupTrackerTests.swift in Sources */,
				E23ED98821165F9F00375059 /* BalanceTrackerTests.swift in Sources */,
				E25620B8213B1A2500F92CEA /* GroupBalanceTrackerTests.swift in Sources */,
			);
			runOnlyForDeploymentPostprocessing = 0;
		};
		E26F85822116599F00071F30 /* Sources */ = {
			isa = PBXSourcesBuildPhase;
			buildActionMask = 2147483647;
			files = (
				E26F858C2116599F00071F30 /* ViewController.swift in Sources */,
				E26F858A2116599F00071F30 /* AppDelegate.swift in Sources */,
			);
			runOnlyForDeploymentPostprocessing = 0;
		};
		E26F8596211659A200071F30 /* Sources */ = {
			isa = PBXSourcesBuildPhase;
			buildActionMask = 2147483647;
			files = (
				E26F859F211659A200071F30 /* TimeTrackerTests.swift in Sources */,
			);
			runOnlyForDeploymentPostprocessing = 0;
		};
		E26F85A1211659A200071F30 /* Sources */ = {
			isa = PBXSourcesBuildPhase;
			buildActionMask = 2147483647;
			files = (
				E26F85AA211659A200071F30 /* TimeTrackerUITests.swift in Sources */,
			);
			runOnlyForDeploymentPostprocessing = 0;
		};
/* End PBXSourcesBuildPhase section */

/* Begin PBXTargetDependency section */
		E23ED98521165F9F00375059 /* PBXTargetDependency */ = {
			isa = PBXTargetDependency;
			target = E23ED97921165F9E00375059 /* Tracker */;
			targetProxy = E23ED98421165F9F00375059 /* PBXContainerItemProxy */;
		};
		E26F859C211659A200071F30 /* PBXTargetDependency */ = {
			isa = PBXTargetDependency;
			target = E26F85852116599F00071F30 /* TimeTracker */;
			targetProxy = E26F859B211659A200071F30 /* PBXContainerItemProxy */;
		};
		E26F85A7211659A200071F30 /* PBXTargetDependency */ = {
			isa = PBXTargetDependency;
			target = E26F85852116599F00071F30 /* TimeTracker */;
			targetProxy = E26F85A6211659A200071F30 /* PBXContainerItemProxy */;
		};
/* End PBXTargetDependency section */

/* Begin PBXVariantGroup section */
		E26F858D2116599F00071F30 /* Main.storyboard */ = {
			isa = PBXVariantGroup;
			children = (
				E26F858E2116599F00071F30 /* Base */,
			);
			name = Main.storyboard;
			sourceTree = "<group>";
		};
		E26F8592211659A200071F30 /* LaunchScreen.storyboard */ = {
			isa = PBXVariantGroup;
			children = (
				E26F8593211659A200071F30 /* Base */,
			);
			name = LaunchScreen.storyboard;
			sourceTree = "<group>";
		};
/* End PBXVariantGroup section */

/* Begin XCBuildConfiguration section */
		E23ED98B21165F9F00375059 /* Debug */ = {
			isa = XCBuildConfiguration;
			buildSettings = {
				CLANG_ENABLE_MODULES = YES;
				CODE_SIGN_IDENTITY = "";
				CODE_SIGN_STYLE = Automatic;
				CURRENT_PROJECT_VERSION = 1;
				DEFINES_MODULE = YES;
				DYLIB_COMPATIBILITY_VERSION = 1;
				DYLIB_CURRENT_VERSION = 1;
				DYLIB_INSTALL_NAME_BASE = "@rpath";
				INFOPLIST_FILE = Tracker/Info.plist;
				INSTALL_PATH = "$(LOCAL_LIBRARY_DIR)/Frameworks";
				LD_RUNPATH_SEARCH_PATHS = (
					"$(inherited)",
					"@executable_path/Frameworks",
					"@loader_path/Frameworks",
				);
				PRODUCT_BUNDLE_IDENTIFIER = hu.tmbr.Tracker;
				PRODUCT_NAME = "$(TARGET_NAME:c99extidentifier)";
				SKIP_INSTALL = YES;
				SWIFT_OPTIMIZATION_LEVEL = "-Onone";
				SWIFT_VERSION = 4.0;
				TARGETED_DEVICE_FAMILY = "1,2";
				VERSIONING_SYSTEM = "apple-generic";
				VERSION_INFO_PREFIX = "";
			};
			name = Debug;
		};
		E23ED98C21165F9F00375059 /* Release */ = {
			isa = XCBuildConfiguration;
			buildSettings = {
				CLANG_ENABLE_MODULES = YES;
				CODE_SIGN_IDENTITY = "";
				CODE_SIGN_STYLE = Automatic;
				CURRENT_PROJECT_VERSION = 1;
				DEFINES_MODULE = YES;
				DYLIB_COMPATIBILITY_VERSION = 1;
				DYLIB_CURRENT_VERSION = 1;
				DYLIB_INSTALL_NAME_BASE = "@rpath";
				INFOPLIST_FILE = Tracker/Info.plist;
				INSTALL_PATH = "$(LOCAL_LIBRARY_DIR)/Frameworks";
				LD_RUNPATH_SEARCH_PATHS = (
					"$(inherited)",
					"@executable_path/Frameworks",
					"@loader_path/Frameworks",
				);
				PRODUCT_BUNDLE_IDENTIFIER = hu.tmbr.Tracker;
				PRODUCT_NAME = "$(TARGET_NAME:c99extidentifier)";
				SKIP_INSTALL = YES;
				SWIFT_VERSION = 4.0;
				TARGETED_DEVICE_FAMILY = "1,2";
				VERSIONING_SYSTEM = "apple-generic";
				VERSION_INFO_PREFIX = "";
			};
			name = Release;
		};
		E23ED98D21165F9F00375059 /* Debug */ = {
			isa = XCBuildConfiguration;
			buildSettings = {
				ALWAYS_EMBED_SWIFT_STANDARD_LIBRARIES = YES;
				CODE_SIGN_STYLE = Automatic;
				INFOPLIST_FILE = TrackerTests/Info.plist;
				LD_RUNPATH_SEARCH_PATHS = (
					"$(inherited)",
					"@executable_path/Frameworks",
					"@loader_path/Frameworks",
				);
				PRODUCT_BUNDLE_IDENTIFIER = hu.tmbr.TrackerTests;
				PRODUCT_NAME = "$(TARGET_NAME)";
				SWIFT_VERSION = 4.0;
				TARGETED_DEVICE_FAMILY = "1,2";
			};
			name = Debug;
		};
		E23ED98E21165F9F00375059 /* Release */ = {
			isa = XCBuildConfiguration;
			buildSettings = {
				ALWAYS_EMBED_SWIFT_STANDARD_LIBRARIES = YES;
				CODE_SIGN_STYLE = Automatic;
				INFOPLIST_FILE = TrackerTests/Info.plist;
				LD_RUNPATH_SEARCH_PATHS = (
					"$(inherited)",
					"@executable_path/Frameworks",
					"@loader_path/Frameworks",
				);
				PRODUCT_BUNDLE_IDENTIFIER = hu.tmbr.TrackerTests;
				PRODUCT_NAME = "$(TARGET_NAME)";
				SWIFT_VERSION = 4.0;
				TARGETED_DEVICE_FAMILY = "1,2";
			};
			name = Release;
		};
		E26F85AC211659A200071F30 /* Debug */ = {
			isa = XCBuildConfiguration;
			buildSettings = {
				ALWAYS_SEARCH_USER_PATHS = NO;
				CLANG_ANALYZER_NONNULL = YES;
				CLANG_ANALYZER_NUMBER_OBJECT_CONVERSION = YES_AGGRESSIVE;
				CLANG_CXX_LANGUAGE_STANDARD = "gnu++14";
				CLANG_CXX_LIBRARY = "libc++";
				CLANG_ENABLE_MODULES = YES;
				CLANG_ENABLE_OBJC_ARC = YES;
				CLANG_ENABLE_OBJC_WEAK = YES;
				CLANG_WARN_BLOCK_CAPTURE_AUTORELEASING = YES;
				CLANG_WARN_BOOL_CONVERSION = YES;
				CLANG_WARN_COMMA = YES;
				CLANG_WARN_CONSTANT_CONVERSION = YES;
				CLANG_WARN_DEPRECATED_OBJC_IMPLEMENTATIONS = YES;
				CLANG_WARN_DIRECT_OBJC_ISA_USAGE = YES_ERROR;
				CLANG_WARN_DOCUMENTATION_COMMENTS = YES;
				CLANG_WARN_EMPTY_BODY = YES;
				CLANG_WARN_ENUM_CONVERSION = YES;
				CLANG_WARN_INFINITE_RECURSION = YES;
				CLANG_WARN_INT_CONVERSION = YES;
				CLANG_WARN_NON_LITERAL_NULL_CONVERSION = YES;
				CLANG_WARN_OBJC_IMPLICIT_RETAIN_SELF = YES;
				CLANG_WARN_OBJC_LITERAL_CONVERSION = YES;
				CLANG_WARN_OBJC_ROOT_CLASS = YES_ERROR;
				CLANG_WARN_RANGE_LOOP_ANALYSIS = YES;
				CLANG_WARN_STRICT_PROTOTYPES = YES;
				CLANG_WARN_SUSPICIOUS_MOVE = YES;
				CLANG_WARN_UNGUARDED_AVAILABILITY = YES_AGGRESSIVE;
				CLANG_WARN_UNREACHABLE_CODE = YES;
				CLANG_WARN__DUPLICATE_METHOD_MATCH = YES;
				CODE_SIGN_IDENTITY = "iPhone Developer";
				COPY_PHASE_STRIP = NO;
				DEBUG_INFORMATION_FORMAT = dwarf;
				ENABLE_STRICT_OBJC_MSGSEND = YES;
				ENABLE_TESTABILITY = YES;
				GCC_C_LANGUAGE_STANDARD = gnu11;
				GCC_DYNAMIC_NO_PIC = NO;
				GCC_NO_COMMON_BLOCKS = YES;
				GCC_OPTIMIZATION_LEVEL = 0;
				GCC_PREPROCESSOR_DEFINITIONS = (
					"DEBUG=1",
					"$(inherited)",
				);
				GCC_WARN_64_TO_32_BIT_CONVERSION = YES;
				GCC_WARN_ABOUT_RETURN_TYPE = YES_ERROR;
				GCC_WARN_UNDECLARED_SELECTOR = YES;
				GCC_WARN_UNINITIALIZED_AUTOS = YES_AGGRESSIVE;
				GCC_WARN_UNUSED_FUNCTION = YES;
				GCC_WARN_UNUSED_VARIABLE = YES;
				IPHONEOS_DEPLOYMENT_TARGET = 11.3;
				MTL_ENABLE_DEBUG_INFO = YES;
				ONLY_ACTIVE_ARCH = YES;
				SDKROOT = iphoneos;
				SWIFT_ACTIVE_COMPILATION_CONDITIONS = DEBUG;
				SWIFT_OPTIMIZATION_LEVEL = "-Onone";
			};
			name = Debug;
		};
		E26F85AD211659A200071F30 /* Release */ = {
			isa = XCBuildConfiguration;
			buildSettings = {
				ALWAYS_SEARCH_USER_PATHS = NO;
				CLANG_ANALYZER_NONNULL = YES;
				CLANG_ANALYZER_NUMBER_OBJECT_CONVERSION = YES_AGGRESSIVE;
				CLANG_CXX_LANGUAGE_STANDARD = "gnu++14";
				CLANG_CXX_LIBRARY = "libc++";
				CLANG_ENABLE_MODULES = YES;
				CLANG_ENABLE_OBJC_ARC = YES;
				CLANG_ENABLE_OBJC_WEAK = YES;
				CLANG_WARN_BLOCK_CAPTURE_AUTORELEASING = YES;
				CLANG_WARN_BOOL_CONVERSION = YES;
				CLANG_WARN_COMMA = YES;
				CLANG_WARN_CONSTANT_CONVERSION = YES;
				CLANG_WARN_DEPRECATED_OBJC_IMPLEMENTATIONS = YES;
				CLANG_WARN_DIRECT_OBJC_ISA_USAGE = YES_ERROR;
				CLANG_WARN_DOCUMENTATION_COMMENTS = YES;
				CLANG_WARN_EMPTY_BODY = YES;
				CLANG_WARN_ENUM_CONVERSION = YES;
				CLANG_WARN_INFINITE_RECURSION = YES;
				CLANG_WARN_INT_CONVERSION = YES;
				CLANG_WARN_NON_LITERAL_NULL_CONVERSION = YES;
				CLANG_WARN_OBJC_IMPLICIT_RETAIN_SELF = YES;
				CLANG_WARN_OBJC_LITERAL_CONVERSION = YES;
				CLANG_WARN_OBJC_ROOT_CLASS = YES_ERROR;
				CLANG_WARN_RANGE_LOOP_ANALYSIS = YES;
				CLANG_WARN_STRICT_PROTOTYPES = YES;
				CLANG_WARN_SUSPICIOUS_MOVE = YES;
				CLANG_WARN_UNGUARDED_AVAILABILITY = YES_AGGRESSIVE;
				CLANG_WARN_UNREACHABLE_CODE = YES;
				CLANG_WARN__DUPLICATE_METHOD_MATCH = YES;
				CODE_SIGN_IDENTITY = "iPhone Developer";
				COPY_PHASE_STRIP = NO;
				DEBUG_INFORMATION_FORMAT = "dwarf-with-dsym";
				ENABLE_NS_ASSERTIONS = NO;
				ENABLE_STRICT_OBJC_MSGSEND = YES;
				GCC_C_LANGUAGE_STANDARD = gnu11;
				GCC_NO_COMMON_BLOCKS = YES;
				GCC_WARN_64_TO_32_BIT_CONVERSION = YES;
				GCC_WARN_ABOUT_RETURN_TYPE = YES_ERROR;
				GCC_WARN_UNDECLARED_SELECTOR = YES;
				GCC_WARN_UNINITIALIZED_AUTOS = YES_AGGRESSIVE;
				GCC_WARN_UNUSED_FUNCTION = YES;
				GCC_WARN_UNUSED_VARIABLE = YES;
				IPHONEOS_DEPLOYMENT_TARGET = 11.3;
				MTL_ENABLE_DEBUG_INFO = NO;
				SDKROOT = iphoneos;
				SWIFT_COMPILATION_MODE = wholemodule;
				SWIFT_OPTIMIZATION_LEVEL = "-O";
				VALIDATE_PRODUCT = YES;
			};
			name = Release;
		};
		E26F85AF211659A200071F30 /* Debug */ = {
			isa = XCBuildConfiguration;
			buildSettings = {
				ALWAYS_EMBED_SWIFT_STANDARD_LIBRARIES = YES;
				ASSETCATALOG_COMPILER_APPICON_NAME = AppIcon;
				CODE_SIGN_STYLE = Automatic;
				DEVELOPMENT_TEAM = F6W8CTW858;
				INFOPLIST_FILE = TimeTracker/Info.plist;
				LD_RUNPATH_SEARCH_PATHS = (
					"$(inherited)",
					"@executable_path/Frameworks",
				);
				PRODUCT_BUNDLE_IDENTIFIER = hu.tmbr.TimeTracker;
				PRODUCT_NAME = "$(TARGET_NAME)";
				SWIFT_VERSION = 4.0;
				TARGETED_DEVICE_FAMILY = "1,2";
			};
			name = Debug;
		};
		E26F85B0211659A200071F30 /* Release */ = {
			isa = XCBuildConfiguration;
			buildSettings = {
				ALWAYS_EMBED_SWIFT_STANDARD_LIBRARIES = YES;
				ASSETCATALOG_COMPILER_APPICON_NAME = AppIcon;
				CODE_SIGN_STYLE = Automatic;
				DEVELOPMENT_TEAM = F6W8CTW858;
				INFOPLIST_FILE = TimeTracker/Info.plist;
				LD_RUNPATH_SEARCH_PATHS = (
					"$(inherited)",
					"@executable_path/Frameworks",
				);
				PRODUCT_BUNDLE_IDENTIFIER = hu.tmbr.TimeTracker;
				PRODUCT_NAME = "$(TARGET_NAME)";
				SWIFT_VERSION = 4.0;
				TARGETED_DEVICE_FAMILY = "1,2";
			};
			name = Release;
		};
		E26F85B2211659A200071F30 /* Debug */ = {
			isa = XCBuildConfiguration;
			buildSettings = {
				ALWAYS_EMBED_SWIFT_STANDARD_LIBRARIES = YES;
				BUNDLE_LOADER = "$(TEST_HOST)";
				CODE_SIGN_STYLE = Automatic;
				DEVELOPMENT_TEAM = F6W8CTW858;
				INFOPLIST_FILE = TimeTrackerTests/Info.plist;
				LD_RUNPATH_SEARCH_PATHS = (
					"$(inherited)",
					"@executable_path/Frameworks",
					"@loader_path/Frameworks",
				);
				PRODUCT_BUNDLE_IDENTIFIER = hu.tmbr.TimeTrackerTests;
				PRODUCT_NAME = "$(TARGET_NAME)";
				SWIFT_VERSION = 4.0;
				TARGETED_DEVICE_FAMILY = "1,2";
				TEST_HOST = "$(BUILT_PRODUCTS_DIR)/TimeTracker.app/TimeTracker";
			};
			name = Debug;
		};
		E26F85B3211659A200071F30 /* Release */ = {
			isa = XCBuildConfiguration;
			buildSettings = {
				ALWAYS_EMBED_SWIFT_STANDARD_LIBRARIES = YES;
				BUNDLE_LOADER = "$(TEST_HOST)";
				CODE_SIGN_STYLE = Automatic;
				DEVELOPMENT_TEAM = F6W8CTW858;
				INFOPLIST_FILE = TimeTrackerTests/Info.plist;
				LD_RUNPATH_SEARCH_PATHS = (
					"$(inherited)",
					"@executable_path/Frameworks",
					"@loader_path/Frameworks",
				);
				PRODUCT_BUNDLE_IDENTIFIER = hu.tmbr.TimeTrackerTests;
				PRODUCT_NAME = "$(TARGET_NAME)";
				SWIFT_VERSION = 4.0;
				TARGETED_DEVICE_FAMILY = "1,2";
				TEST_HOST = "$(BUILT_PRODUCTS_DIR)/TimeTracker.app/TimeTracker";
			};
			name = Release;
		};
		E26F85B5211659A200071F30 /* Debug */ = {
			isa = XCBuildConfiguration;
			buildSettings = {
				ALWAYS_EMBED_SWIFT_STANDARD_LIBRARIES = YES;
				CODE_SIGN_STYLE = Automatic;
				DEVELOPMENT_TEAM = F6W8CTW858;
				INFOPLIST_FILE = TimeTrackerUITests/Info.plist;
				LD_RUNPATH_SEARCH_PATHS = (
					"$(inherited)",
					"@executable_path/Frameworks",
					"@loader_path/Frameworks",
				);
				PRODUCT_BUNDLE_IDENTIFIER = hu.tmbr.TimeTrackerUITests;
				PRODUCT_NAME = "$(TARGET_NAME)";
				SWIFT_VERSION = 4.0;
				TARGETED_DEVICE_FAMILY = "1,2";
				TEST_TARGET_NAME = TimeTracker;
			};
			name = Debug;
		};
		E26F85B6211659A200071F30 /* Release */ = {
			isa = XCBuildConfiguration;
			buildSettings = {
				ALWAYS_EMBED_SWIFT_STANDARD_LIBRARIES = YES;
				CODE_SIGN_STYLE = Automatic;
				DEVELOPMENT_TEAM = F6W8CTW858;
				INFOPLIST_FILE = TimeTrackerUITests/Info.plist;
				LD_RUNPATH_SEARCH_PATHS = (
					"$(inherited)",
					"@executable_path/Frameworks",
					"@loader_path/Frameworks",
				);
				PRODUCT_BUNDLE_IDENTIFIER = hu.tmbr.TimeTrackerUITests;
				PRODUCT_NAME = "$(TARGET_NAME)";
				SWIFT_VERSION = 4.0;
				TARGETED_DEVICE_FAMILY = "1,2";
				TEST_TARGET_NAME = TimeTracker;
			};
			name = Release;
		};
/* End XCBuildConfiguration section */

/* Begin XCConfigurationList section */
		E23ED98F21165F9F00375059 /* Build configuration list for PBXNativeTarget "Tracker" */ = {
			isa = XCConfigurationList;
			buildConfigurations = (
				E23ED98B21165F9F00375059 /* Debug */,
				E23ED98C21165F9F00375059 /* Release */,
			);
			defaultConfigurationIsVisible = 0;
			defaultConfigurationName = Release;
		};
		E23ED99021165F9F00375059 /* Build configuration list for PBXNativeTarget "TrackerTests" */ = {
			isa = XCConfigurationList;
			buildConfigurations = (
				E23ED98D21165F9F00375059 /* Debug */,
				E23ED98E21165F9F00375059 /* Release */,
			);
			defaultConfigurationIsVisible = 0;
			defaultConfigurationName = Release;
		};
		E26F85812116599F00071F30 /* Build configuration list for PBXProject "TimeTracker" */ = {
			isa = XCConfigurationList;
			buildConfigurations = (
				E26F85AC211659A200071F30 /* Debug */,
				E26F85AD211659A200071F30 /* Release */,
			);
			defaultConfigurationIsVisible = 0;
			defaultConfigurationName = Release;
		};
		E26F85AE211659A200071F30 /* Build configuration list for PBXNativeTarget "TimeTracker" */ = {
			isa = XCConfigurationList;
			buildConfigurations = (
				E26F85AF211659A200071F30 /* Debug */,
				E26F85B0211659A200071F30 /* Release */,
			);
			defaultConfigurationIsVisible = 0;
			defaultConfigurationName = Release;
		};
		E26F85B1211659A200071F30 /* Build configuration list for PBXNativeTarget "TimeTrackerTests" */ = {
			isa = XCConfigurationList;
			buildConfigurations = (
				E26F85B2211659A200071F30 /* Debug */,
				E26F85B3211659A200071F30 /* Release */,
			);
			defaultConfigurationIsVisible = 0;
			defaultConfigurationName = Release;
		};
		E26F85B4211659A200071F30 /* Build configuration list for PBXNativeTarget "TimeTrackerUITests" */ = {
			isa = XCConfigurationList;
			buildConfigurations = (
				E26F85B5211659A200071F30 /* Debug */,
				E26F85B6211659A200071F30 /* Release */,
			);
			defaultConfigurationIsVisible = 0;
			defaultConfigurationName = Release;
		};
/* End XCConfigurationList section */
	};
	rootObject = E26F857E2116599F00071F30 /* Project object */;
}
